
Microsoft Visual Studio Solution File, Format Version 12.00
# Visual Studio 14
VisualStudioVersion = 14.0.24720.0
MinimumVisualStudioVersion = 10.0.40219.1
Project("{FAE04EC0-301F-11D3-BF4B-00C04F79EFBC}") = "vvctiger.com_Core", "vvctiger.com_Core\vvctiger.com_Core.csproj", "{9AA88A4A-FB6A-4703-B557-3402F7C54AD6}"
EndProject
Project("{FAE04EC0-301F-11D3-BF4B-00C04F79EFBC}") = "vvctiger.com_WebSite", "vvctiger.com_WebSite\vvctiger.com_WebSite.csproj", "{86E53465-2D1E-4F89-9B72-502217FF3DAE}"
EndProject
Global
	GlobalSection(SolutionConfigurationPlatforms) = preSolution
		Debug|Any CPU = Debug|Any CPU
		Release|Any CPU = Release|Any CPU
	EndGlobalSection
	GlobalSection(ProjectConfigurationPlatforms) = postSolution
		{9AA88A4A-FB6A-4703-B557-3402F7C54AD6}.Debug|Any CPU.ActiveCfg = Debug|Any CPU
		{9AA88A4A-FB6A-4703-B557-3402F7C54AD6}.Debug|Any CPU.Build.0 = Debug|Any CPU
		{9AA88A4A-FB6A-4703-B557-3402F7C54AD6}.Release|Any CPU.ActiveCfg = Release|Any CPU
		{9AA88A4A-FB6A-4703-B557-3402F7C54AD6}.Release|Any CPU.Build.0 = Release|Any CPU
		{86E53465-2D1E-4F89-9B72-502217FF3DAE}.Debug|Any CPU.ActiveCfg = Debug|Any CPU
		{86E53465-2D1E-4F89-9B72-502217FF3DAE}.Debug|Any CPU.Build.0 = Debug|Any CPU
		{86E53465-2D1E-4F89-9B72-502217FF3DAE}.Release|Any CPU.ActiveCfg = Release|Any CPU
		{86E53465-2D1E-4F89-9B72-502217FF3DAE}.Release|Any CPU.Build.0 = Release|Any CPU
	EndGlobalSection
	GlobalSection(SolutionProperties) = preSolution
		HideSolutionNode = FALSE
	EndGlobalSection
EndGlobal
